// !$*UTF8*$!
{
	archiveVersion = 1;
	classes = {
	};
	objectVersion = 55;
	objects = {

/* Begin PBXBuildFile section */
		09B3704927FC5B5E008FB89F /* main.c in Sources */ = {isa = PBXBuildFile; fileRef = 09B3704827FC5B5E008FB89F /* main.c */; };
		09B3707627FC5D06008FB89F /* Stack.c in Sources */ = {isa = PBXBuildFile; fileRef = 09B3706E27FC5D06008FB89F /* Stack.c */; };
		09B3707727FC5D06008FB89F /* Queue.c in Sources */ = {isa = PBXBuildFile; fileRef = 09B3707027FC5D06008FB89F /* Queue.c */; };
		09B3707827FC5D06008FB89F /* Main.c in Sources */ = {isa = PBXBuildFile; fileRef = 09B3707227FC5D06008FB89F /* Main.c */; };
/* End PBXBuildFile section */

/* Begin PBXCopyFilesBuildPhase section */
		09B3704327FC5B5E008FB89F /* CopyFiles */ = {
			isa = PBXCopyFilesBuildPhase;
			buildActionMask = 2147483647;
			dstPath = /usr/share/man/man1/;
			dstSubfolderSpec = 0;
			files = (
			);
			runOnlyForDeploymentPostprocessing = 1;
		};
/* End PBXCopyFilesBuildPhase section */

/* Begin PBXFileReference section */
		09B3704527FC5B5E008FB89F /* Exersice_3.c */ = {isa = PBXFileReference; explicitFileType = "compiled.mach-o.executable"; includeInIndex = 0; path = Exersice_3.c; sourceTree = BUILT_PRODUCTS_DIR; };
		09B3704827FC5B5E008FB89F /* main.c */ = {isa = PBXFileReference; lastKnownFileType = sourcecode.c.c; path = main.c; sourceTree = "<group>"; };
		09B3706B27FC5D06008FB89F /* Adv_C_Exe3.sln */ = {isa = PBXFileReference; fileEncoding = 4; lastKnownFileType = text; path = Adv_C_Exe3.sln; sourceTree = "<group>"; };
		09B3706C27FC5D06008FB89F /* .gitignore */ = {isa = PBXFileReference; fileEncoding = 4; lastKnownFileType = text; path = .gitignore; sourceTree = "<group>"; };
		09B3706E27FC5D06008FB89F /* Stack.c */ = {isa = PBXFileReference; fileEncoding = 4; lastKnownFileType = sourcecode.c.c; path = Stack.c; sourceTree = "<group>"; };
		09B3706F27FC5D06008FB89F /* Adv_C_Exe3.vcxproj */ = {isa = PBXFileReference; fileEncoding = 4; lastKnownFileType = text.xml; path = Adv_C_Exe3.vcxproj; sourceTree = "<group>"; };
		09B3707027FC5D06008FB89F /* Queue.c */ = {isa = PBXFileReference; fileEncoding = 4; lastKnownFileType = sourcecode.c.c; path = Queue.c; sourceTree = "<group>"; };
		09B3707127FC5D06008FB89F /* Adv_C_Exe3.vcxproj.filters */ = {isa = PBXFileReference; fileEncoding = 4; lastKnownFileType = text.xml; path = Adv_C_Exe3.vcxproj.filters; sourceTree = "<group>"; };
		09B3707227FC5D06008FB89F /* Main.c */ = {isa = PBXFileReference; fileEncoding = 4; lastKnownFileType = sourcecode.c.c; path = Main.c; sourceTree = "<group>"; };
		09B3707327FC5D06008FB89F /* Stack.h */ = {isa = PBXFileReference; fileEncoding = 4; lastKnownFileType = sourcecode.c.h; path = Stack.h; sourceTree = "<group>"; };
		09B3707427FC5D06008FB89F /* Queue.h */ = {isa = PBXFileReference; fileEncoding = 4; lastKnownFileType = sourcecode.c.h; path = Queue.h; sourceTree = "<group>"; };
		09B3707527FC5D06008FB89F /* .gitattributes */ = {isa = PBXFileReference; fileEncoding = 4; lastKnownFileType = text; path = .gitattributes; sourceTree = "<group>"; };
/* End PBXFileReference section */

/* Begin PBXFrameworksBuildPhase section */
		09B3704227FC5B5E008FB89F /* Frameworks */ = {
			isa = PBXFrameworksBuildPhase;
			buildActionMask = 2147483647;
			files = (
			);
			runOnlyForDeploymentPostprocessing = 0;
		};
/* End PBXFrameworksBuildPhase section */

/* Begin PBXGroup section */
		09B3703C27FC5B5E008FB89F = {
			isa = PBXGroup;
			children = (
				09B3704727FC5B5E008FB89F /* Exersice_3.c */,
				09B3704627FC5B5E008FB89F /* Products */,
			);
			sourceTree = "<group>";
		};
		09B3704627FC5B5E008FB89F /* Products */ = {
			isa = PBXGroup;
			children = (
				09B3704527FC5B5E008FB89F /* Exersice_3.c */,
			);
			name = Products;
			sourceTree = "<group>";
		};
		09B3704727FC5B5E008FB89F /* Exersice_3.c */ = {
			isa = PBXGroup;
			children = (
				09B3706A27FC5D06008FB89F /* Adv_C_Exe3 */,
				09B3704827FC5B5E008FB89F /* main.c */,
			);
			path = Exersice_3.c;
			sourceTree = "<group>";
		};
		09B3706A27FC5D06008FB89F /* Adv_C_Exe3 */ = {
			isa = PBXGroup;
			children = (
				09B3706B27FC5D06008FB89F /* Adv_C_Exe3.sln */,
				09B3706C27FC5D06008FB89F /* .gitignore */,
				09B3706D27FC5D06008FB89F /* Adv_C_Exe3 */,
				09B3707527FC5D06008FB89F /* .gitattributes */,
			);
			name = Adv_C_Exe3;
			path = ../../Adv_C_Exe3;
			sourceTree = "<group>";
		};
		09B3706D27FC5D06008FB89F /* Adv_C_Exe3 */ = {
			isa = PBXGroup;
			children = (
				09B3706E27FC5D06008FB89F /* Stack.c */,
				09B3706F27FC5D06008FB89F /* Adv_C_Exe3.vcxproj */,
				09B3707027FC5D06008FB89F /* Queue.c */,
				09B3707127FC5D06008FB89F /* Adv_C_Exe3.vcxproj.filters */,
				09B3707227FC5D06008FB89F /* Main.c */,
				09B3707327FC5D06008FB89F /* Stack.h */,
				09B3707427FC5D06008FB89F /* Queue.h */,
			);
			path = Adv_C_Exe3;
			sourceTree = "<group>";
		};
/* End PBXGroup section */

/* Begin PBXNativeTarget section */
		09B3704427FC5B5E008FB89F /* Exersice_3.c */ = {
			isa = PBXNativeTarget;
			buildConfigurationList = 09B3704C27FC5B5E008FB89F /* Build configuration list for PBXNativeTarget "Exersice_3.c" */;
			buildPhases = (
				09B3704127FC5B5E008FB89F /* Sources */,
				09B3704227FC5B5E008FB89F /* Frameworks */,
				09B3704327FC5B5E008FB89F /* CopyFiles */,
			);
			buildRules = (
			);
			dependencies = (
			);
			name = Exersice_3.c;
			productName = Exersice_3.c;
			productReference = 09B3704527FC5B5E008FB89F /* Exersice_3.c */;
			productType = "com.apple.product-type.tool";
		};
/* End PBXNativeTarget section */

/* Begin PBXProject section */
		09B3703D27FC5B5E008FB89F /* Project object */ = {
			isa = PBXProject;
			attributes = {
				BuildIndependentTargetsInParallel = 1;
				LastUpgradeCheck = 1330;
				TargetAttributes = {
					09B3704427FC5B5E008FB89F = {
						CreatedOnToolsVersion = 13.3;
					};
				};
			};
			buildConfigurationList = 09B3704027FC5B5E008FB89F /* Build configuration list for PBXProject "Exersice_3.c" */;
			compatibilityVersion = "Xcode 13.0";
			developmentRegion = en;
			hasScannedForEncodings = 0;
			knownRegions = (
				en,
				Base,
			);
			mainGroup = 09B3703C27FC5B5E008FB89F;
			productRefGroup = 09B3704627FC5B5E008FB89F /* Products */;
			projectDirPath = "";
			projectRoot = "";
			targets = (
				09B3704427FC5B5E008FB89F /* Exersice_3.c */,
			);
		};
/* End PBXProject section */

/* Begin PBXSourcesBuildPhase section */
		09B3704127FC5B5E008FB89F /* Sources */ = {
			isa = PBXSourcesBuildPhase;
			buildActionMask = 2147483647;
			files = (
				09B3707827FC5D06008FB89F /* Main.c in Sources */,
				09B3707727FC5D06008FB89F /* Queue.c in Sources */,
				09B3707627FC5D06008FB89F /* Stack.c in Sources */,
				09B3704927FC5B5E008FB89F /* main.c in Sources */,
			);
			runOnlyForDeploymentPostprocessing = 0;
		};
/* End PBXSourcesBuildPhase section */

/* Begin XCBuildConfiguration section */
		09B3704A27FC5B5E008FB89F /* Debug */ = {
			isa = XCBuildConfiguration;
			buildSettings = {
				ALWAYS_SEARCH_USER_PATHS = NO;
				CLANG_ANALYZER_NONNULL = YES;
				CLANG_ANALYZER_NUMBER_OBJECT_CONVERSION = YES_AGGRESSIVE;
				CLANG_CXX_LANGUAGE_STANDARD = "gnu++17";
				CLANG_ENABLE_MODULES = YES;
				CLANG_ENABLE_OBJC_ARC = YES;
				CLANG_ENABLE_OBJC_WEAK = YES;
				CLANG_WARN_BLOCK_CAPTURE_AUTORELEASING = YES;
				CLANG_WARN_BOOL_CONVERSION = YES;
				CLANG_WARN_COMMA = YES;
				CLANG_WARN_CONSTANT_CONVERSION = YES;
				CLANG_WARN_DEPRECATED_OBJC_IMPLEMENTATIONS = YES;
				CLANG_WARN_DIRECT_OBJC_ISA_USAGE = YES_ERROR;
				CLANG_WARN_DOCUMENTATION_COMMENTS = YES;
				CLANG_WARN_EMPTY_BODY = YES;
				CLANG_WARN_ENUM_CONVERSION = YES;
				CLANG_WARN_INFINITE_RECURSION = YES;
				CLANG_WARN_INT_CONVERSION = YES;
				CLANG_WARN_NON_LITERAL_NULL_CONVERSION = YES;
				CLANG_WARN_OBJC_IMPLICIT_RETAIN_SELF = YES;
				CLANG_WARN_OBJC_LITERAL_CONVERSION = YES;
				CLANG_WARN_OBJC_ROOT_CLASS = YES_ERROR;
				CLANG_WARN_QUOTED_INCLUDE_IN_FRAMEWORK_HEADER = YES;
				CLANG_WARN_RANGE_LOOP_ANALYSIS = YES;
				CLANG_WARN_STRICT_PROTOTYPES = YES;
				CLANG_WARN_SUSPICIOUS_MOVE = YES;
				CLANG_WARN_UNGUARDED_AVAILABILITY = YES_AGGRESSIVE;
				CLANG_WARN_UNREACHABLE_CODE = YES;
				CLANG_WARN__DUPLICATE_METHOD_MATCH = YES;
				COPY_PHASE_STRIP = NO;
				DEBUG_INFORMATION_FORMAT = dwarf;
				ENABLE_STRICT_OBJC_MSGSEND = YES;
				ENABLE_TESTABILITY = YES;
				GCC_C_LANGUAGE_STANDARD = gnu11;
				GCC_DYNAMIC_NO_PIC = NO;
				GCC_NO_COMMON_BLOCKS = YES;
				GCC_OPTIMIZATION_LEVEL = 0;
				GCC_PREPROCESSOR_DEFINITIONS = (
					"DEBUG=1",
					"$(inherited)",
				);
				GCC_WARN_64_TO_32_BIT_CONVERSION = YES;
				GCC_WARN_ABOUT_RETURN_TYPE = YES_ERROR;
				GCC_WARN_UNDECLARED_SELECTOR = YES;
				GCC_WARN_UNINITIALIZED_AUTOS = YES_AGGRESSIVE;
				GCC_WARN_UNUSED_FUNCTION = YES;
				GCC_WARN_UNUSED_VARIABLE = YES;
				MACOSX_DEPLOYMENT_TARGET = 12.3;
				MTL_ENABLE_DEBUG_INFO = INCLUDE_SOURCE;
				MTL_FAST_MATH = YES;
				ONLY_ACTIVE_ARCH = YES;
				SDKROOT = macosx;
			};
			name = Debug;
		};
		09B3704B27FC5B5E008FB89F /* Release */ = {
			isa = XCBuildConfiguration;
			buildSettings = {
				ALWAYS_SEARCH_USER_PATHS = NO;
				CLANG_ANALYZER_NONNULL = YES;
				CLANG_ANALYZER_NUMBER_OBJECT_CONVERSION = YES_AGGRESSIVE;
				CLANG_CXX_LANGUAGE_STANDARD = "gnu++17";
				CLANG_ENABLE_MODULES = YES;
				CLANG_ENABLE_OBJC_ARC = YES;
				CLANG_ENABLE_OBJC_WEAK = YES;
				CLANG_WARN_BLOCK_CAPTURE_AUTORELEASING = YES;
				CLANG_WARN_BOOL_CONVERSION = YES;
				CLANG_WARN_COMMA = YES;
				CLANG_WARN_CONSTANT_CONVERSION = YES;
				CLANG_WARN_DEPRECATED_OBJC_IMPLEMENTATIONS = YES;
				CLANG_WARN_DIRECT_OBJC_ISA_USAGE = YES_ERROR;
				CLANG_WARN_DOCUMENTATION_COMMENTS = YES;
				CLANG_WARN_EMPTY_BODY = YES;
				CLANG_WARN_ENUM_CONVERSION = YES;
				CLANG_WARN_INFINITE_RECURSION = YES;
				CLANG_WARN_INT_CONVERSION = YES;
				CLANG_WARN_NON_LITERAL_NULL_CONVERSION = YES;
				CLANG_WARN_OBJC_IMPLICIT_RETAIN_SELF = YES;
				CLANG_WARN_OBJC_LITERAL_CONVERSION = YES;
				CLANG_WARN_OBJC_ROOT_CLASS = YES_ERROR;
				CLANG_WARN_QUOTED_INCLUDE_IN_FRAMEWORK_HEADER = YES;
				CLANG_WARN_RANGE_LOOP_ANALYSIS = YES;
				CLANG_WARN_STRICT_PROTOTYPES = YES;
				CLANG_WARN_SUSPICIOUS_MOVE = YES;
				CLANG_WARN_UNGUARDED_AVAILABILITY = YES_AGGRESSIVE;
				CLANG_WARN_UNREACHABLE_CODE = YES;
				CLANG_WARN__DUPLICATE_METHOD_MATCH = YES;
				COPY_PHASE_STRIP = NO;
				DEBUG_INFORMATION_FORMAT = "dwarf-with-dsym";
				ENABLE_NS_ASSERTIONS = NO;
				ENABLE_STRICT_OBJC_MSGSEND = YES;
				GCC_C_LANGUAGE_STANDARD = gnu11;
				GCC_NO_COMMON_BLOCKS = YES;
				GCC_WARN_64_TO_32_BIT_CONVERSION = YES;
				GCC_WARN_ABOUT_RETURN_TYPE = YES_ERROR;
				GCC_WARN_UNDECLARED_SELECTOR = YES;
				GCC_WARN_UNINITIALIZED_AUTOS = YES_AGGRESSIVE;
				GCC_WARN_UNUSED_FUNCTION = YES;
				GCC_WARN_UNUSED_VARIABLE = YES;
				MACOSX_DEPLOYMENT_TARGET = 12.3;
				MTL_ENABLE_DEBUG_INFO = NO;
				MTL_FAST_MATH = YES;
				SDKROOT = macosx;
			};
			name = Release;
		};
		09B3704D27FC5B5E008FB89F /* Debug */ = {
			isa = XCBuildConfiguration;
			buildSettings = {
				CODE_SIGN_STYLE = Automatic;
				DEVELOPMENT_TEAM = 9AD66R9V63;
				ENABLE_HARDENED_RUNTIME = YES;
				PRODUCT_NAME = "$(TARGET_NAME)";
			};
			name = Debug;
		};
		09B3704E27FC5B5E008FB89F /* Release */ = {
			isa = XCBuildConfiguration;
			buildSettings = {
				CODE_SIGN_STYLE = Automatic;
				DEVELOPMENT_TEAM = 9AD66R9V63;
				ENABLE_HARDENED_RUNTIME = YES;
				PRODUCT_NAME = "$(TARGET_NAME)";
			};
			name = Release;
		};
/* End XCBuildConfiguration section */

/* Begin XCConfigurationList section */
		09B3704027FC5B5E008FB89F /* Build configuration list for PBXProject "Exersice_3.c" */ = {
			isa = XCConfigurationList;
			buildConfigurations = (
				09B3704A27FC5B5E008FB89F /* Debug */,
				09B3704B27FC5B5E008FB89F /* Release */,
			);
			defaultConfigurationIsVisible = 0;
			defaultConfigurationName = Release;
		};
		09B3704C27FC5B5E008FB89F /* Build configuration list for PBXNativeTarget "Exersice_3.c" */ = {
			isa = XCConfigurationList;
			buildConfigurations = (
				09B3704D27FC5B5E008FB89F /* Debug */,
				09B3704E27FC5B5E008FB89F /* Release */,
			);
			defaultConfigurationIsVisible = 0;
			defaultConfigurationName = Release;
		};
/* End XCConfigurationList section */
	};
	rootObject = 09B3703D27FC5B5E008FB89F /* Project object */;
}
